
Microsoft Visual Studio Solution File, Format Version 12.00
# Visual Studio 15
VisualStudioVersion = 15.0.28307.106
MinimumVisualStudioVersion = 10.0.40219.1
Project("{9A19103F-16F7-4668-BE54-9A1E7A4F7556}") = "DownloadMoviesAsyncAwait", "DownloadMoviesAsyncAwait\DownloadMoviesAsyncAwait.csproj", "{C34C7370-5FAA-4BAE-8D47-63DBA3A09683}"
EndProject
Project("{9A19103F-16F7-4668-BE54-9A1E7A4F7556}") = "MoviesAPI", "MoviesAPI\MoviesAPI.csproj", "{42FCB6C4-DA0C-43D2-9A96-65AE4E5915B3}"
EndProject
Project("{FAE04EC0-301F-11D3-BF4B-00C04F79EFBC}") = "MoviesAPI.Test", "MoviesAPI.Test\MoviesAPI.Test.csproj", "{2C289F6C-E251-49A3-BF15-EBDA6EFF98A0}"
EndProject
Project("{FAE04EC0-301F-11D3-BF4B-00C04F79EFBC}") = "MoviesAPI.Service", "MoviesAPI.Service\MoviesAPI.Service.csproj", "{70D44F2A-47D4-42FD-9FD6-C130F5B49E78}"
EndProject
Project("{FAE04EC0-301F-11D3-BF4B-00C04F79EFBC}") = "MoviesAPI.Repository", "MoviesAPI.Repository\MoviesAPI.Repository.csproj", "{1402CF93-4BDB-4CD5-80B6-CFEE4B120633}"
EndProject
Project("{FAE04EC0-301F-11D3-BF4B-00C04F79EFBC}") = "MoviesAPI.Domain", "MoviesAPI.Domain\MoviesAPI.Domain.csproj", "{1936800D-077B-4C4F-AAD2-EDAC44AE2C93}"
EndProject
Global
	GlobalSection(SolutionConfigurationPlatforms) = preSolution
		Debug|Any CPU = Debug|Any CPU
		Release|Any CPU = Release|Any CPU
	EndGlobalSection
	GlobalSection(ProjectConfigurationPlatforms) = postSolution
		{C34C7370-5FAA-4BAE-8D47-63DBA3A09683}.Debug|Any CPU.ActiveCfg = Debug|Any CPU
		{C34C7370-5FAA-4BAE-8D47-63DBA3A09683}.Debug|Any CPU.Build.0 = Debug|Any CPU
		{C34C7370-5FAA-4BAE-8D47-63DBA3A09683}.Release|Any CPU.ActiveCfg = Release|Any CPU
		{C34C7370-5FAA-4BAE-8D47-63DBA3A09683}.Release|Any CPU.Build.0 = Release|Any CPU
		{42FCB6C4-DA0C-43D2-9A96-65AE4E5915B3}.Debug|Any CPU.ActiveCfg = Debug|Any CPU
		{42FCB6C4-DA0C-43D2-9A96-65AE4E5915B3}.Debug|Any CPU.Build.0 = Debug|Any CPU
		{42FCB6C4-DA0C-43D2-9A96-65AE4E5915B3}.Release|Any CPU.ActiveCfg = Release|Any CPU
		{42FCB6C4-DA0C-43D2-9A96-65AE4E5915B3}.Release|Any CPU.Build.0 = Release|Any CPU
		{2C289F6C-E251-49A3-BF15-EBDA6EFF98A0}.Debug|Any CPU.ActiveCfg = Debug|Any CPU
		{2C289F6C-E251-49A3-BF15-EBDA6EFF98A0}.Debug|Any CPU.Build.0 = Debug|Any CPU
		{2C289F6C-E251-49A3-BF15-EBDA6EFF98A0}.Release|Any CPU.ActiveCfg = Release|Any CPU
		{2C289F6C-E251-49A3-BF15-EBDA6EFF98A0}.Release|Any CPU.Build.0 = Release|Any CPU
		{70D44F2A-47D4-42FD-9FD6-C130F5B49E78}.Debug|Any CPU.ActiveCfg = Debug|Any CPU
		{70D44F2A-47D4-42FD-9FD6-C130F5B49E78}.Debug|Any CPU.Build.0 = Debug|Any CPU
		{70D44F2A-47D4-42FD-9FD6-C130F5B49E78}.Release|Any CPU.ActiveCfg = Release|Any CPU
		{70D44F2A-47D4-42FD-9FD6-C130F5B49E78}.Release|Any CPU.Build.0 = Release|Any CPU
		{1402CF93-4BDB-4CD5-80B6-CFEE4B120633}.Debug|Any CPU.ActiveCfg = Debug|Any CPU
		{1402CF93-4BDB-4CD5-80B6-CFEE4B120633}.Debug|Any CPU.Build.0 = Debug|Any CPU
		{1402CF93-4BDB-4CD5-80B6-CFEE4B120633}.Release|Any CPU.ActiveCfg = Release|Any CPU
		{1402CF93-4BDB-4CD5-80B6-CFEE4B120633}.Release|Any CPU.Build.0 = Release|Any CPU
		{1936800D-077B-4C4F-AAD2-EDAC44AE2C93}.Debug|Any CPU.ActiveCfg = Debug|Any CPU
		{1936800D-077B-4C4F-AAD2-EDAC44AE2C93}.Debug|Any CPU.Build.0 = Debug|Any CPU
		{1936800D-077B-4C4F-AAD2-EDAC44AE2C93}.Release|Any CPU.ActiveCfg = Release|Any CPU
		{1936800D-077B-4C4F-AAD2-EDAC44AE2C93}.Release|Any CPU.Build.0 = Release|Any CPU
	EndGlobalSection
	GlobalSection(SolutionProperties) = preSolution
		HideSolutionNode = FALSE
	EndGlobalSection
	GlobalSection(ExtensibilityGlobals) = postSolution
		SolutionGuid = {1D409827-5651-4559-B29C-32365D37A54C}
	EndGlobalSection
EndGlobal
